{
  "name": "ReactJS",
  "lockfileVersion": 3,
  "requires": true,
  "packages": {
    "": {
      "dependencies": {
        "create-vite": "^5.5.5"
      }
    },
    "node_modules/create-vite": {
      "version": "5.5.5",
      "resolved": "https://registry.npmjs.org/create-vite/-/create-vite-5.5.5.tgz",
      "integrity": "sha512-xQaaMBBP7iTs9GrWj48y6WIMqn1l+83ao/BW1T32KkEzzi6kTEEAp0UI9EW/waCy7R4dGN6bRR86YQfPHmUsuQ==",
      "bin": {
        "create-vite": "index.js",
        "cva": "index.js"
      },
      "engines": {
        "node": "^18.0.0 || >=20.0.0"
      },
      "funding": {
        "url": "https://github.com/vitejs/vite?sponsor=1"
      }
    }
  }
}
